
Microsoft Visual Studio Solution File, Format Version 12.00
# Visual Studio Version 17
VisualStudioVersion = 17.3.32901.215
MinimumVisualStudioVersion = 10.0.40219.1
Project("{9A19103F-16F7-4668-BE54-9A1E7A4F7556}") = "MyWebApplication", "MyWebApplication.csproj", "{E4A96D36-CE96-43CC-849D-D6426445523D}"
EndProject
Project("{FAE04EC0-301F-11D3-BF4B-00C04F79EFBC}") = "MyApp.Models", "..\MyApp.Models\MyApp.Models.csproj", "{7F0CCD11-2E33-4FF6-82E7-A8D3A535625D}"
EndProject
Project("{FAE04EC0-301F-11D3-BF4B-00C04F79EFBC}") = "MyApp.DataAccess", "..\MyApp.DataAccess\MyApp.DataAccess.csproj", "{FE356AA5-CF1A-431D-8237-826A9D517017}"
EndProject
Global
	GlobalSection(SolutionConfigurationPlatforms) = preSolution
		Debug|Any CPU = Debug|Any CPU
		Release|Any CPU = Release|Any CPU
	EndGlobalSection
	GlobalSection(ProjectConfigurationPlatforms) = postSolution
		{E4A96D36-CE96-43CC-849D-D6426445523D}.Debug|Any CPU.ActiveCfg = Debug|Any CPU
		{E4A96D36-CE96-43CC-849D-D6426445523D}.Debug|Any CPU.Build.0 = Debug|Any CPU
		{E4A96D36-CE96-43CC-849D-D6426445523D}.Release|Any CPU.ActiveCfg = Release|Any CPU
		{E4A96D36-CE96-43CC-849D-D6426445523D}.Release|Any CPU.Build.0 = Release|Any CPU
		{7F0CCD11-2E33-4FF6-82E7-A8D3A535625D}.Debug|Any CPU.ActiveCfg = Debug|Any CPU
		{7F0CCD11-2E33-4FF6-82E7-A8D3A535625D}.Debug|Any CPU.Build.0 = Debug|Any CPU
		{7F0CCD11-2E33-4FF6-82E7-A8D3A535625D}.Release|Any CPU.ActiveCfg = Release|Any CPU
		{7F0CCD11-2E33-4FF6-82E7-A8D3A535625D}.Release|Any CPU.Build.0 = Release|Any CPU
		{FE356AA5-CF1A-431D-8237-826A9D517017}.Debug|Any CPU.ActiveCfg = Debug|Any CPU
		{FE356AA5-CF1A-431D-8237-826A9D517017}.Debug|Any CPU.Build.0 = Debug|Any CPU
		{FE356AA5-CF1A-431D-8237-826A9D517017}.Release|Any CPU.ActiveCfg = Release|Any CPU
		{FE356AA5-CF1A-431D-8237-826A9D517017}.Release|Any CPU.Build.0 = Release|Any CPU
	EndGlobalSection
	GlobalSection(SolutionProperties) = preSolution
		HideSolutionNode = FALSE
	EndGlobalSection
	GlobalSection(ExtensibilityGlobals) = postSolution
		SolutionGuid = {89CB429B-D25C-46C2-A8AB-011E3D24A795}
	EndGlobalSection
EndGlobal
